
Microsoft Visual Studio Solution File, Format Version 12.00
# Visual Studio Version 16
VisualStudioVersion = 16.0.30907.101
MinimumVisualStudioVersion = 10.0.40219.1
Project("{888888A0-9F3D-457C-B088-3A5042F75D52}") = "RideshareAI", "RideshareAI\RideshareAI.pyproj", "{439FECAD-F427-4DC3-84D0-3865CA16DCB7}"
EndProject
Global
	GlobalSection(SolutionConfigurationPlatforms) = preSolution
		Debug|Any CPU = Debug|Any CPU
		Release|Any CPU = Release|Any CPU
	EndGlobalSection
	GlobalSection(ProjectConfigurationPlatforms) = postSolution
		{439FECAD-F427-4DC3-84D0-3865CA16DCB7}.Debug|Any CPU.ActiveCfg = Debug|Any CPU
		{439FECAD-F427-4DC3-84D0-3865CA16DCB7}.Release|Any CPU.ActiveCfg = Release|Any CPU
	EndGlobalSection
	GlobalSection(SolutionProperties) = preSolution
		HideSolutionNode = FALSE
	EndGlobalSection
	GlobalSection(ExtensibilityGlobals) = postSolution
		SolutionGuid = {9DBFBB0F-5647-4611-B486-912E7CADD51D}
	EndGlobalSection
EndGlobal
